// !$*UTF8*$!
{
	archiveVersion = 1;
	classes = {
	};
	objectVersion = 56;
	objects = {

/* Begin PBXBuildFile section */
		A2F8B3AD2AFD50C60061694D /* PhotoLibraryApp.swift in Sources */ = {isa = PBXBuildFile; fileRef = A2F8B3AC2AFD50C60061694D /* PhotoLibraryApp.swift */; };
		A2F8B3AF2AFD50C60061694D /* ContentView.swift in Sources */ = {isa = PBXBuildFile; fileRef = A2F8B3AE2AFD50C60061694D /* ContentView.swift */; };
		A2F8B3B12AFD50C70061694D /* Assets.xcassets in Resources */ = {isa = PBXBuildFile; fileRef = A2F8B3B02AFD50C70061694D /* Assets.xcassets */; };
		A2F8B3B42AFD50C70061694D /* Preview Assets.xcassets in Resources */ = {isa = PBXBuildFile; fileRef = A2F8B3B32AFD50C70061694D /* Preview Assets.xcassets */; };
		A2F8B3BC2AFD52050061694D /* CodableMKPointAnnotation.swift in Sources */ = {isa = PBXBuildFile; fileRef = A2F8B3BB2AFD52050061694D /* CodableMKPointAnnotation.swift */; };
		A2F8B3BE2AFD527F0061694D /* Picture.swift in Sources */ = {isa = PBXBuildFile; fileRef = A2F8B3BD2AFD527F0061694D /* Picture.swift */; };
		A2F8B3C22AFD53040061694D /* ModifiersView.swift in Sources */ = {isa = PBXBuildFile; fileRef = A2F8B3C12AFD53040061694D /* ModifiersView.swift */; };
		A2F8B3C52AFD53820061694D /* LocationFetcher.swift in Sources */ = {isa = PBXBuildFile; fileRef = A2F8B3C42AFD53820061694D /* LocationFetcher.swift */; };
		A2F8B3C72AFD53D30061694D /* PlusButtonView.swift in Sources */ = {isa = PBXBuildFile; fileRef = A2F8B3C62AFD53D30061694D /* PlusButtonView.swift */; };
		A2F8B3C92AFD548D0061694D /* CircleView.swift in Sources */ = {isa = PBXBuildFile; fileRef = A2F8B3C82AFD548D0061694D /* CircleView.swift */; };
		A2F8B3CB2AFD54FB0061694D /* MapView.swift in Sources */ = {isa = PBXBuildFile; fileRef = A2F8B3CA2AFD54FB0061694D /* MapView.swift */; };
		A2F8B3CD2AFD556B0061694D /* ImagePicker.swift in Sources */ = {isa = PBXBuildFile; fileRef = A2F8B3CC2AFD556B0061694D /* ImagePicker.swift */; };
		A2F8B3CF2AFD55F50061694D /* EditPictureView.swift in Sources */ = {isa = PBXBuildFile; fileRef = A2F8B3CE2AFD55F50061694D /* EditPictureView.swift */; };
		A2F8B3D12AFD57AE0061694D /* ManageData.swift in Sources */ = {isa = PBXBuildFile; fileRef = A2F8B3D02AFD57AE0061694D /* ManageData.swift */; };
		A2F8B3D32AFD59160061694D /* DetailView.swift in Sources */ = {isa = PBXBuildFile; fileRef = A2F8B3D22AFD59160061694D /* DetailView.swift */; };
/* End PBXBuildFile section */

/* Begin PBXFileReference section */
		A2F8B3A92AFD50C60061694D /* Photo Library.app */ = {isa = PBXFileReference; explicitFileType = wrapper.application; includeInIndex = 0; path = "Photo Library.app"; sourceTree = BUILT_PRODUCTS_DIR; };
		A2F8B3AC2AFD50C60061694D /* PhotoLibraryApp.swift */ = {isa = PBXFileReference; lastKnownFileType = sourcecode.swift; path = PhotoLibraryApp.swift; sourceTree = "<group>"; };
		A2F8B3AE2AFD50C60061694D /* ContentView.swift */ = {isa = PBXFileReference; lastKnownFileType = sourcecode.swift; path = ContentView.swift; sourceTree = "<group>"; };
		A2F8B3B02AFD50C70061694D /* Assets.xcassets */ = {isa = PBXFileReference; lastKnownFileType = folder.assetcatalog; path = Assets.xcassets; sourceTree = "<group>"; };
		A2F8B3B32AFD50C70061694D /* Preview Assets.xcassets */ = {isa = PBXFileReference; lastKnownFileType = folder.assetcatalog; path = "Preview Assets.xcassets"; sourceTree = "<group>"; };
		A2F8B3BB2AFD52050061694D /* CodableMKPointAnnotation.swift */ = {isa = PBXFileReference; lastKnownFileType = sourcecode.swift; path = CodableMKPointAnnotation.swift; sourceTree = "<group>"; };
		A2F8B3BD2AFD527F0061694D /* Picture.swift */ = {isa = PBXFileReference; lastKnownFileType = sourcecode.swift; path = Picture.swift; sourceTree = "<group>"; };
		A2F8B3C12AFD53040061694D /* ModifiersView.swift */ = {isa = PBXFileReference; lastKnownFileType = sourcecode.swift; path = ModifiersView.swift; sourceTree = "<group>"; };
		A2F8B3C42AFD53820061694D /* LocationFetcher.swift */ = {isa = PBXFileReference; lastKnownFileType = sourcecode.swift; path = LocationFetcher.swift; sourceTree = "<group>"; };
		A2F8B3C62AFD53D30061694D /* PlusButtonView.swift */ = {isa = PBXFileReference; lastKnownFileType = sourcecode.swift; path = PlusButtonView.swift; sourceTree = "<group>"; };
		A2F8B3C82AFD548D0061694D /* CircleView.swift */ = {isa = PBXFileReference; lastKnownFileType = sourcecode.swift; path = CircleView.swift; sourceTree = "<group>"; };
		A2F8B3CA2AFD54FB0061694D /* MapView.swift */ = {isa = PBXFileReference; lastKnownFileType = sourcecode.swift; path = MapView.swift; sourceTree = "<group>"; };
		A2F8B3CC2AFD556B0061694D /* ImagePicker.swift */ = {isa = PBXFileReference; lastKnownFileType = sourcecode.swift; path = ImagePicker.swift; sourceTree = "<group>"; };
		A2F8B3CE2AFD55F50061694D /* EditPictureView.swift */ = {isa = PBXFileReference; lastKnownFileType = sourcecode.swift; path = EditPictureView.swift; sourceTree = "<group>"; };
		A2F8B3D02AFD57AE0061694D /* ManageData.swift */ = {isa = PBXFileReference; lastKnownFileType = sourcecode.swift; path = ManageData.swift; sourceTree = "<group>"; };
		A2F8B3D22AFD59160061694D /* DetailView.swift */ = {isa = PBXFileReference; lastKnownFileType = sourcecode.swift; path = DetailView.swift; sourceTree = "<group>"; };
/* End PBXFileReference section */

/* Begin PBXFrameworksBuildPhase section */
		A2F8B3A62AFD50C60061694D /* Frameworks */ = {
			isa = PBXFrameworksBuildPhase;
			buildActionMask = 2147483647;
			files = (
			);
			runOnlyForDeploymentPostprocessing = 0;
		};
/* End PBXFrameworksBuildPhase section */

/* Begin PBXGroup section */
		A2F8B3A02AFD50C60061694D = {
			isa = PBXGroup;
			children = (
				A2F8B3AB2AFD50C60061694D /* PhotoLibrary */,
				A2F8B3AA2AFD50C60061694D /* Products */,
			);
			sourceTree = "<group>";
		};
		A2F8B3AA2AFD50C60061694D /* Products */ = {
			isa = PBXGroup;
			children = (
				A2F8B3A92AFD50C60061694D /* Photo Library.app */,
			);
			name = Products;
			sourceTree = "<group>";
		};
		A2F8B3AB2AFD50C60061694D /* PhotoLibrary */ = {
			isa = PBXGroup;
			children = (
				A2F8B3C32AFD53470061694D /* Map */,
				A2F8B3C02AFD52DD0061694D /* Views */,
				A2F8B3BA2AFD51930061694D /* Model */,
				A2F8B3AC2AFD50C60061694D /* PhotoLibraryApp.swift */,
				A2F8B3B02AFD50C70061694D /* Assets.xcassets */,
				A2F8B3B22AFD50C70061694D /* Preview Content */,
			);
			path = PhotoLibrary;
			sourceTree = "<group>";
		};
		A2F8B3B22AFD50C70061694D /* Preview Content */ = {
			isa = PBXGroup;
			children = (
				A2F8B3B32AFD50C70061694D /* Preview Assets.xcassets */,
			);
			path = "Preview Content";
			sourceTree = "<group>";
		};
		A2F8B3BA2AFD51930061694D /* Model */ = {
			isa = PBXGroup;
			children = (
				A2F8B3BB2AFD52050061694D /* CodableMKPointAnnotation.swift */,
				A2F8B3BD2AFD527F0061694D /* Picture.swift */,
				A2F8B3D02AFD57AE0061694D /* ManageData.swift */,
			);
			path = Model;
			sourceTree = "<group>";
		};
		A2F8B3C02AFD52DD0061694D /* Views */ = {
			isa = PBXGroup;
			children = (
				A2F8B3AE2AFD50C60061694D /* ContentView.swift */,
				A2F8B3C12AFD53040061694D /* ModifiersView.swift */,
				A2F8B3C62AFD53D30061694D /* PlusButtonView.swift */,
				A2F8B3C82AFD548D0061694D /* CircleView.swift */,
				A2F8B3CC2AFD556B0061694D /* ImagePicker.swift */,
				A2F8B3CE2AFD55F50061694D /* EditPictureView.swift */,
				A2F8B3D22AFD59160061694D /* DetailView.swift */,
			);
			path = Views;
			sourceTree = "<group>";
		};
		A2F8B3C32AFD53470061694D /* Map */ = {
			isa = PBXGroup;
			children = (
				A2F8B3C42AFD53820061694D /* LocationFetcher.swift */,
				A2F8B3CA2AFD54FB0061694D /* MapView.swift */,
			);
			path = Map;
			sourceTree = "<group>";
		};
/* End PBXGroup section */

/* Begin PBXNativeTarget section */
		A2F8B3A82AFD50C60061694D /* Photo Library */ = {
			isa = PBXNativeTarget;
			buildConfigurationList = A2F8B3B72AFD50C70061694D /* Build configuration list for PBXNativeTarget "Photo Library" */;
			buildPhases = (
				A2F8B3A52AFD50C60061694D /* Sources */,
				A2F8B3A62AFD50C60061694D /* Frameworks */,
				A2F8B3A72AFD50C60061694D /* Resources */,
			);
			buildRules = (
			);
			dependencies = (
			);
			name = "Photo Library";
			productName = FriendFace;
			productReference = A2F8B3A92AFD50C60061694D /* Photo Library.app */;
			productType = "com.apple.product-type.application";
		};
/* End PBXNativeTarget section */

/* Begin PBXProject section */
		A2F8B3A12AFD50C60061694D /* Project object */ = {
			isa = PBXProject;
			attributes = {
				BuildIndependentTargetsInParallel = 1;
				LastSwiftUpdateCheck = 1500;
				LastUpgradeCheck = 1500;
				TargetAttributes = {
					A2F8B3A82AFD50C60061694D = {
						CreatedOnToolsVersion = 15.0.1;
					};
				};
			};
			buildConfigurationList = A2F8B3A42AFD50C60061694D /* Build configuration list for PBXProject "Photo Library" */;
			compatibilityVersion = "Xcode 14.0";
			developmentRegion = en;
			hasScannedForEncodings = 0;
			knownRegions = (
				en,
				Base,
			);
			mainGroup = A2F8B3A02AFD50C60061694D;
			productRefGroup = A2F8B3AA2AFD50C60061694D /* Products */;
			projectDirPath = "";
			projectRoot = "";
			targets = (
				A2F8B3A82AFD50C60061694D /* Photo Library */,
			);
		};
/* End PBXProject section */

/* Begin PBXResourcesBuildPhase section */
		A2F8B3A72AFD50C60061694D /* Resources */ = {
			isa = PBXResourcesBuildPhase;
			buildActionMask = 2147483647;
			files = (
				A2F8B3B42AFD50C70061694D /* Preview Assets.xcassets in Resources */,
				A2F8B3B12AFD50C70061694D /* Assets.xcassets in Resources */,
			);
			runOnlyForDeploymentPostprocessing = 0;
		};
/* End PBXResourcesBuildPhase section */

/* Begin PBXSourcesBuildPhase section */
		A2F8B3A52AFD50C60061694D /* Sources */ = {
			isa = PBXSourcesBuildPhase;
			buildActionMask = 2147483647;
			files = (
				A2F8B3C92AFD548D0061694D /* CircleView.swift in Sources */,
				A2F8B3C72AFD53D30061694D /* PlusButtonView.swift in Sources */,
				A2F8B3C22AFD53040061694D /* ModifiersView.swift in Sources */,
				A2F8B3BE2AFD527F0061694D /* Picture.swift in Sources */,
				A2F8B3C52AFD53820061694D /* LocationFetcher.swift in Sources */,
				A2F8B3AF2AFD50C60061694D /* ContentView.swift in Sources */,
				A2F8B3D12AFD57AE0061694D /* ManageData.swift in Sources */,
				A2F8B3D32AFD59160061694D /* DetailView.swift in Sources */,
				A2F8B3BC2AFD52050061694D /* CodableMKPointAnnotation.swift in Sources */,
				A2F8B3CF2AFD55F50061694D /* EditPictureView.swift in Sources */,
				A2F8B3CD2AFD556B0061694D /* ImagePicker.swift in Sources */,
				A2F8B3CB2AFD54FB0061694D /* MapView.swift in Sources */,
				A2F8B3AD2AFD50C60061694D /* PhotoLibraryApp.swift in Sources */,
			);
			runOnlyForDeploymentPostprocessing = 0;
		};
/* End PBXSourcesBuildPhase section */

/* Begin XCBuildConfiguration section */
		A2F8B3B52AFD50C70061694D /* Debug */ = {
			isa = XCBuildConfiguration;
			buildSettings = {
				ALWAYS_SEARCH_USER_PATHS = NO;
				ASSETCATALOG_COMPILER_GENERATE_SWIFT_ASSET_SYMBOL_EXTENSIONS = YES;
				CLANG_ANALYZER_NONNULL = YES;
				CLANG_ANALYZER_NUMBER_OBJECT_CONVERSION = YES_AGGRESSIVE;
				CLANG_CXX_LANGUAGE_STANDARD = "gnu++20";
				CLANG_ENABLE_MODULES = YES;
				CLANG_ENABLE_OBJC_ARC = YES;
				CLANG_ENABLE_OBJC_WEAK = YES;
				CLANG_WARN_BLOCK_CAPTURE_AUTORELEASING = YES;
				CLANG_WARN_BOOL_CONVERSION = YES;
				CLANG_WARN_COMMA = YES;
				CLANG_WARN_CONSTANT_CONVERSION = YES;
				CLANG_WARN_DEPRECATED_OBJC_IMPLEMENTATIONS = YES;
				CLANG_WARN_DIRECT_OBJC_ISA_USAGE = YES_ERROR;
				CLANG_WARN_DOCUMENTATION_COMMENTS = YES;
				CLANG_WARN_EMPTY_BODY = YES;
				CLANG_WARN_ENUM_CONVERSION = YES;
				CLANG_WARN_INFINITE_RECURSION = YES;
				CLANG_WARN_INT_CONVERSION = YES;
				CLANG_WARN_NON_LITERAL_NULL_CONVERSION = YES;
				CLANG_WARN_OBJC_IMPLICIT_RETAIN_SELF = YES;
				CLANG_WARN_OBJC_LITERAL_CONVERSION = YES;
				CLANG_WARN_OBJC_ROOT_CLASS = YES_ERROR;
				CLANG_WARN_QUOTED_INCLUDE_IN_FRAMEWORK_HEADER = YES;
				CLANG_WARN_RANGE_LOOP_ANALYSIS = YES;
				CLANG_WARN_STRICT_PROTOTYPES = YES;
				CLANG_WARN_SUSPICIOUS_MOVE = YES;
				CLANG_WARN_UNGUARDED_AVAILABILITY = YES_AGGRESSIVE;
				CLANG_WARN_UNREACHABLE_CODE = YES;
				CLANG_WARN__DUPLICATE_METHOD_MATCH = YES;
				COPY_PHASE_STRIP = NO;
				DEBUG_INFORMATION_FORMAT = dwarf;
				ENABLE_STRICT_OBJC_MSGSEND = YES;
				ENABLE_TESTABILITY = YES;
				ENABLE_USER_SCRIPT_SANDBOXING = YES;
				GCC_C_LANGUAGE_STANDARD = gnu17;
				GCC_DYNAMIC_NO_PIC = NO;
				GCC_NO_COMMON_BLOCKS = YES;
				GCC_OPTIMIZATION_LEVEL = 0;
				GCC_PREPROCESSOR_DEFINITIONS = (
					"DEBUG=1",
					"$(inherited)",
				);
				GCC_WARN_64_TO_32_BIT_CONVERSION = YES;
				GCC_WARN_ABOUT_RETURN_TYPE = YES_ERROR;
				GCC_WARN_UNDECLARED_SELECTOR = YES;
				GCC_WARN_UNINITIALIZED_AUTOS = YES_AGGRESSIVE;
				GCC_WARN_UNUSED_FUNCTION = YES;
				GCC_WARN_UNUSED_VARIABLE = YES;
				IPHONEOS_DEPLOYMENT_TARGET = 17.0;
				LOCALIZATION_PREFERS_STRING_CATALOGS = YES;
				MTL_ENABLE_DEBUG_INFO = INCLUDE_SOURCE;
				MTL_FAST_MATH = YES;
				ONLY_ACTIVE_ARCH = YES;
				SDKROOT = iphoneos;
				SWIFT_ACTIVE_COMPILATION_CONDITIONS = "DEBUG $(inherited)";
				SWIFT_OPTIMIZATION_LEVEL = "-Onone";
			};
			name = Debug;
		};
		A2F8B3B62AFD50C70061694D /* Release */ = {
			isa = XCBuildConfiguration;
			buildSettings = {
				ALWAYS_SEARCH_USER_PATHS = NO;
				ASSETCATALOG_COMPILER_GENERATE_SWIFT_ASSET_SYMBOL_EXTENSIONS = YES;
				CLANG_ANALYZER_NONNULL = YES;
				CLANG_ANALYZER_NUMBER_OBJECT_CONVERSION = YES_AGGRESSIVE;
				CLANG_CXX_LANGUAGE_STANDARD = "gnu++20";
				CLANG_ENABLE_MODULES = YES;
				CLANG_ENABLE_OBJC_ARC = YES;
				CLANG_ENABLE_OBJC_WEAK = YES;
				CLANG_WARN_BLOCK_CAPTURE_AUTORELEASING = YES;
				CLANG_WARN_BOOL_CONVERSION = YES;
				CLANG_WARN_COMMA = YES;
				CLANG_WARN_CONSTANT_CONVERSION = YES;
				CLANG_WARN_DEPRECATED_OBJC_IMPLEMENTATIONS = YES;
				CLANG_WARN_DIRECT_OBJC_ISA_USAGE = YES_ERROR;
				CLANG_WARN_DOCUMENTATION_COMMENTS = YES;
				CLANG_WARN_EMPTY_BODY = YES;
				CLANG_WARN_ENUM_CONVERSION = YES;
				CLANG_WARN_INFINITE_RECURSION = YES;
				CLANG_WARN_INT_CONVERSION = YES;
				CLANG_WARN_NON_LITERAL_NULL_CONVERSION = YES;
				CLANG_WARN_OBJC_IMPLICIT_RETAIN_SELF = YES;
				CLANG_WARN_OBJC_LITERAL_CONVERSION = YES;
				CLANG_WARN_OBJC_ROOT_CLASS = YES_ERROR;
				CLANG_WARN_QUOTED_INCLUDE_IN_FRAMEWORK_HEADER = YES;
				CLANG_WARN_RANGE_LOOP_ANALYSIS = YES;
				CLANG_WARN_STRICT_PROTOTYPES = YES;
				CLANG_WARN_SUSPICIOUS_MOVE = YES;
				CLANG_WARN_UNGUARDED_AVAILABILITY = YES_AGGRESSIVE;
				CLANG_WARN_UNREACHABLE_CODE = YES;
				CLANG_WARN__DUPLICATE_METHOD_MATCH = YES;
				COPY_PHASE_STRIP = NO;
				DEBUG_INFORMATION_FORMAT = "dwarf-with-dsym";
				ENABLE_NS_ASSERTIONS = NO;
				ENABLE_STRICT_OBJC_MSGSEND = YES;
				ENABLE_USER_SCRIPT_SANDBOXING = YES;
				GCC_C_LANGUAGE_STANDARD = gnu17;
				GCC_NO_COMMON_BLOCKS = YES;
				GCC_WARN_64_TO_32_BIT_CONVERSION = YES;
				GCC_WARN_ABOUT_RETURN_TYPE = YES_ERROR;
				GCC_WARN_UNDECLARED_SELECTOR = YES;
				GCC_WARN_UNINITIALIZED_AUTOS = YES_AGGRESSIVE;
				GCC_WARN_UNUSED_FUNCTION = YES;
				GCC_WARN_UNUSED_VARIABLE = YES;
				IPHONEOS_DEPLOYMENT_TARGET = 17.0;
				LOCALIZATION_PREFERS_STRING_CATALOGS = YES;
				MTL_ENABLE_DEBUG_INFO = NO;
				MTL_FAST_MATH = YES;
				SDKROOT = iphoneos;
				SWIFT_COMPILATION_MODE = wholemodule;
				VALIDATE_PRODUCT = YES;
			};
			name = Release;
		};
		A2F8B3B82AFD50C70061694D /* Debug */ = {
			isa = XCBuildConfiguration;
			buildSettings = {
				ASSETCATALOG_COMPILER_APPICON_NAME = AppIcon;
				ASSETCATALOG_COMPILER_GLOBAL_ACCENT_COLOR_NAME = AccentColor;
				CODE_SIGN_STYLE = Automatic;
				CURRENT_PROJECT_VERSION = 1;
				DEVELOPMENT_ASSET_PATHS = "\"PhotoLibrary/Preview Content\"";
				DEVELOPMENT_TEAM = 495DRW5GJL;
				ENABLE_PREVIEWS = YES;
				GENERATE_INFOPLIST_FILE = YES;
				INFOPLIST_KEY_NSCameraUsageDescription = "Need for use app";
				INFOPLIST_KEY_NSFileProviderDomainUsageDescription = "Need for work app";
				INFOPLIST_KEY_UIApplicationSceneManifest_Generation = YES;
				INFOPLIST_KEY_UIApplicationSupportsIndirectInputEvents = YES;
				INFOPLIST_KEY_UILaunchScreen_Generation = YES;
				INFOPLIST_KEY_UISupportedInterfaceOrientations_iPad = "UIInterfaceOrientationPortrait UIInterfaceOrientationPortraitUpsideDown UIInterfaceOrientationLandscapeLeft UIInterfaceOrientationLandscapeRight";
				INFOPLIST_KEY_UISupportedInterfaceOrientations_iPhone = "UIInterfaceOrientationPortrait UIInterfaceOrientationLandscapeLeft UIInterfaceOrientationLandscapeRight";
				LD_RUNPATH_SEARCH_PATHS = (
					"$(inherited)",
					"@executable_path/Frameworks",
				);
				MARKETING_VERSION = 1.0;
				PRODUCT_BUNDLE_IDENTIFIER = gq.tiendamarino.FriendFace;
				PRODUCT_NAME = "$(TARGET_NAME)";
				SWIFT_EMIT_LOC_STRINGS = YES;
				SWIFT_VERSION = 5.0;
				TARGETED_DEVICE_FAMILY = "1,2";
			};
			name = Debug;
		};
		A2F8B3B92AFD50C70061694D /* Release */ = {
			isa = XCBuildConfiguration;
			buildSettings = {
				ASSETCATALOG_COMPILER_APPICON_NAME = AppIcon;
				ASSETCATALOG_COMPILER_GLOBAL_ACCENT_COLOR_NAME = AccentColor;
				CODE_SIGN_STYLE = Automatic;
				CURRENT_PROJECT_VERSION = 1;
				DEVELOPMENT_ASSET_PATHS = "\"PhotoLibrary/Preview Content\"";
				DEVELOPMENT_TEAM = 495DRW5GJL;
				ENABLE_PREVIEWS = YES;
				GENERATE_INFOPLIST_FILE = YES;
				INFOPLIST_KEY_NSCameraUsageDescription = "Need for use app";
				INFOPLIST_KEY_NSFileProviderDomainUsageDescription = "Need for work app";
				INFOPLIST_KEY_UIApplicationSceneManifest_Generation = YES;
				INFOPLIST_KEY_UIApplicationSupportsIndirectInputEvents = YES;
				INFOPLIST_KEY_UILaunchScreen_Generation = YES;
				INFOPLIST_KEY_UISupportedInterfaceOrientations_iPad = "UIInterfaceOrientationPortrait UIInterfaceOrientationPortraitUpsideDown UIInterfaceOrientationLandscapeLeft UIInterfaceOrientationLandscapeRight";
				INFOPLIST_KEY_UISupportedInterfaceOrientations_iPhone = "UIInterfaceOrientationPortrait UIInterfaceOrientationLandscapeLeft UIInterfaceOrientationLandscapeRight";
				LD_RUNPATH_SEARCH_PATHS = (
					"$(inherited)",
					"@executable_path/Frameworks",
				);
				MARKETING_VERSION = 1.0;
				PRODUCT_BUNDLE_IDENTIFIER = gq.tiendamarino.FriendFace;
				PRODUCT_NAME = "$(TARGET_NAME)";
				SWIFT_EMIT_LOC_STRINGS = YES;
				SWIFT_VERSION = 5.0;
				TARGETED_DEVICE_FAMILY = "1,2";
			};
			name = Release;
		};
/* End XCBuildConfiguration section */

/* Begin XCConfigurationList section */
		A2F8B3A42AFD50C60061694D /* Build configuration list for PBXProject "Photo Library" */ = {
			isa = XCConfigurationList;
			buildConfigurations = (
				A2F8B3B52AFD50C70061694D /* Debug */,
				A2F8B3B62AFD50C70061694D /* Release */,
			);
			defaultConfigurationIsVisible = 0;
			defaultConfigurationName = Release;
		};
		A2F8B3B72AFD50C70061694D /* Build configuration list for PBXNativeTarget "Photo Library" */ = {
			isa = XCConfigurationList;
			buildConfigurations = (
				A2F8B3B82AFD50C70061694D /* Debug */,
				A2F8B3B92AFD50C70061694D /* Release */,
			);
			defaultConfigurationIsVisible = 0;
			defaultConfigurationName = Release;
		};
/* End XCConfigurationList section */
	};
	rootObject = A2F8B3A12AFD50C60061694D /* Project object */;
}
